<?xml version="1.0" encoding="UTF-8"?>
<Project xmlns="http://schemas.microsoft.com/developer/msbuild/2003" ToolsVersion="4.0"><ItemGroup><Filter Include="TwinCAT"><UniqueIdentifier>{c4118c15-e03c-43e6-b21d-c4cb66284e24}</UniqueIdentifier></Filter><Filter Include="TwinCAT\ClassFactory"><UniqueIdentifier>{2f7c3c5c-42a1-4c31-a4cc-e27e9531cc8c}</UniqueIdentifier></Filter><Filter Include="TwinCAT\RT Files"><UniqueIdentifier>{eccdb259-4eac-47d0-804d-e5ccf0efe4f7}</UniqueIdentifier></Filter><Filter Include="TwinCAT\UM Files"><UniqueIdentifier>{6578b6a3-ee7b-4371-aed0-9142255b97e9}</UniqueIdentifier></Filter><Filter Include="TwinCAT\Header Files"><UniqueIdentifier>{787d9a06-c49b-40ef-a71c-6b14787db81d}</UniqueIdentifier></Filter><Filter Include="TwinCAT\Header Files\RT Files"><UniqueIdentifier>{a6455b25-2eb7-4355-a2be-cb36268b1533}</UniqueIdentifier></Filter><Filter Include="XML Files"><UniqueIdentifier>{44275009-a4f2-42e7-a6d9-2bf0ca8ec775}</UniqueIdentifier></Filter><Filter Include="Simulink Model"><UniqueIdentifier>{5a202949-48d6-4be6-9ece-fe9fa3d29c6e}</UniqueIdentifier></Filter><Filter Include="Simulink Model\Header Files"><UniqueIdentifier>{96c06382-71a2-4111-933b-15a0166e4818}</UniqueIdentifier></Filter><Filter Include="Resource Files"><UniqueIdentifier>{82534678-e793-4a77-8997-797204065df0}</UniqueIdentifier></Filter></ItemGroup><ItemGroup><ClInclude Include="Ctest_modelClassFactory.h"><Filter>TwinCAT\ClassFactory</Filter></ClInclude><ClInclude Include="Ctest_model.h"><Filter>TwinCAT</Filter></ClInclude><ClInclude Include="rtGetInf.h"><Filter>Simulink Model\Header Files</Filter></ClInclude><ClInclude Include="rtGetNaN.h"><Filter>Simulink Model\Header Files</Filter></ClInclude><ClInclude Include="rt_defines.h"><Filter>Simulink Model\Header Files</Filter></ClInclude><ClInclude Include="rt_nonfinite.h"><Filter>Simulink Model\Header Files</Filter></ClInclude><ClInclude Include="multiword_types.h"><Filter>Simulink Model\Header Files</Filter></ClInclude><ClInclude Include="rtmodel.h"><Filter>Simulink Model\Header Files</Filter></ClInclude><ClInclude Include="rtwtypes.h"><Filter>Simulink Model\Header Files</Filter></ClInclude><ClInclude Include="test_model.h"><Filter>Simulink Model\Header Files</Filter></ClInclude><ClInclude Include="test_model_private.h"><Filter>Simulink Model\Header Files</Filter></ClInclude><ClInclude Include="test_model_types.h"><Filter>Simulink Model\Header Files</Filter></ClInclude><ClInclude Include="zero_crossing_types.h"><Filter>Simulink Model\Header Files</Filter></ClInclude><ClInclude Include="Ctest_modelDrv.h"><Filter>TwinCAT\RT Files</Filter></ClInclude><ClInclude Include="test_modelCtrl.h"><Filter>TwinCAT\UM Files</Filter></ClInclude><ClInclude Include="test_modelW32.h"><Filter>TwinCAT\UM Files</Filter></ClInclude><ClInclude Include="TcPch.h"><Filter>TwinCAT\Header Files</Filter></ClInclude><ClInclude Include="StdAfx.h"><Filter>TwinCAT\Header Files</Filter></ClInclude><ClInclude Include="test_modelVersion.h"><Filter>TwinCAT\Header Files</Filter></ClInclude><ClInclude Include="test_modelServices.h"><Filter>TwinCAT\Header Files</Filter></ClInclude><ClInclude Include="test_modelResource.h"><Filter>TwinCAT\Header Files</Filter></ClInclude><ClInclude Include="test_modelInterfaces.h"><Filter>TwinCAT\Header Files</Filter></ClInclude><ClInclude Include="TwinCAT RT\math.h"><Filter>TwinCAT\Header Files\RT Files</Filter></ClInclude><ClInclude Include="TwinCAT RT\stdio.h"><Filter>TwinCAT\Header Files\RT Files</Filter></ClInclude><ClInclude Include="TwinCAT RT\stdlib.h"><Filter>TwinCAT\Header Files\RT Files</Filter></ClInclude></ItemGroup><ItemGroup><ClCompile Include="Ctest_modelClassFactory.cpp"><Filter>TwinCAT\ClassFactory</Filter></ClCompile><ClCompile Include="Ctest_model.cpp"><Filter>TwinCAT</Filter></ClCompile><ClCompile Include="rtGetInf.cpp"><Filter>Simulink Model</Filter></ClCompile><ClCompile Include="rtGetNaN.cpp"><Filter>Simulink Model</Filter></ClCompile><ClCompile Include="rt_nonfinite.cpp"><Filter>Simulink Model</Filter></ClCompile><ClCompile Include="test_model.cpp"><Filter>Simulink Model</Filter></ClCompile><ClCompile Include="Ctest_modelDrv.cpp"><Filter>TwinCAT\RT Files</Filter></ClCompile><ClCompile Include="test_modelCtrl.cpp"><Filter>TwinCAT\UM Files</Filter></ClCompile><ClCompile Include="test_modelW32.cpp"><Filter>TwinCAT\UM Files</Filter></ClCompile><ClCompile Include="TcPch.cpp"><Filter>TwinCAT</Filter></ClCompile></ItemGroup><ItemGroup><ResourceCompile Include="test_model.rc"><Filter>Resource Files</Filter></ResourceCompile></ItemGroup><ItemGroup><None Include="test_model_PlcOpenPOUs.xml"><Filter>XML Files</Filter></None><None Include="test_modelW32.def"><Filter>TwinCAT\UM Files</Filter></None><None Include="test_model_ModuleInfo.xml"><Filter>XML Files</Filter></None><None Include="test_model.tmc"><Filter>XML Files</Filter></None></ItemGroup></Project>
